
Microsoft Visual Studio Solution File, Format Version 12.00
# Visual Studio Version 17
VisualStudioVersion = 17.9.34728.123
MinimumVisualStudioVersion = 10.0.40219.1
Project("{FAE04EC0-301F-11D3-BF4B-00C04F79EFBC}") = "Lab_9_Morochynska", "Lab_9_Morochynska\Lab_9_Morochynska.csproj", "{F011263A-0471-4010-8B25-DDE250C8323D}"
EndProject
Global
	GlobalSection(SolutionConfigurationPlatforms) = preSolution
		Debug|Any CPU = Debug|Any CPU
		Release|Any CPU = Release|Any CPU
	EndGlobalSection
	GlobalSection(ProjectConfigurationPlatforms) = postSolution
		{F011263A-0471-4010-8B25-DDE250C8323D}.Debug|Any CPU.ActiveCfg = Debug|Any CPU
		{F011263A-0471-4010-8B25-DDE250C8323D}.Debug|Any CPU.Build.0 = Debug|Any CPU
		{F011263A-0471-4010-8B25-DDE250C8323D}.Release|Any CPU.ActiveCfg = Release|Any CPU
		{F011263A-0471-4010-8B25-DDE250C8323D}.Release|Any CPU.Build.0 = Release|Any CPU
	EndGlobalSection
	GlobalSection(SolutionProperties) = preSolution
		HideSolutionNode = FALSE
	EndGlobalSection
	GlobalSection(ExtensibilityGlobals) = postSolution
		SolutionGuid = {6409E439-0BCC-4E8F-A44F-B0462B3741F9}
	EndGlobalSection
EndGlobal
